<?xml version="1.0" encoding="utf-8"?>
<Project ToolsVersion="4.0" xmlns="http://schemas.microsoft.com/developer/msbuild/2003">
  <ItemGroup>
    <ClCompile Include="Code\Framework\ApplicationWindow.cpp" />
    <ClCompile Include="Code\Framework\D3DContext.cpp" />
    <ClCompile Include="Code\Framework\Game.cpp" />
    <ClCompile Include="Code\Framework\RenderBatch.cpp" />
    <ClCompile Include="Code\Helper\Camera.cpp" />
    <ClCompile Include="Code\Helper\Primitives.cpp" />
    <ClCompile Include="Code\main.cpp" />
    <ClCompile Include="Code\PacmanGame.cpp" />
    <ClCompile Include="Code\Helper\r2tk\r2-assert.cpp" />
    <ClCompile Include="Code\Helper\r2tk\r2-exception.cpp" />
    <ClCompile Include="Code\Helper\GameFont.cpp" />
    <ClCompile Include="Code\Model\Fruit.cpp" />
    <ClCompile Include="Code\Model\GameplayHandler.cpp" />
    <ClCompile Include="Code\Model\Ghost.cpp" />
    <ClCompile Include="Code\Model\Level.cpp" />
    <ClCompile Include="Code\Model\LevelHandler.cpp" />
    <ClCompile Include="Code\Model\Player.cpp" />
    <ClCompile Include="Code\Model\Coord.cpp" />
    <ClCompile Include="Code\Helper\DebugCameraControler.cpp" />
    <ClCompile Include="Code\Helper\ChaseCamera.cpp" />
    <ClCompile Include="Code\Resources\Sound2D.cpp" />
    <ClCompile Include="Code\Resources\ModelObj.cpp" />
    <ClCompile Include="Code\View\Scene.cpp" />
    <ClCompile Include="Code\Resources\Texture.cpp" />
    <ClCompile Include="Code\View\Ground.cpp" />
    <ClCompile Include="Code\Framework\VertexBuffer.cpp" />
    <ClCompile Include="Code\Framework\Effect\Effect.cpp" />
    <ClCompile Include="Code\Framework\Effect\Pass.cpp" />
    <ClCompile Include="Code\Framework\Effect\Technique.cpp" />
    <ClCompile Include="Code\Framework\GameTime.cpp" />
    <ClCompile Include="Code\View\GUI\Menu.cpp" />
    <ClCompile Include="Code\View\GUI\Table.cpp" />
    <ClCompile Include="Code\Helper\MorphAnimation.cpp" />
    <ClCompile Include="Code\Model\Ai.cpp" />
    <ClCompile Include="Code\Model\Blinky.cpp" />
    <ClCompile Include="Code\Model\Pinky.cpp" />
    <ClCompile Include="Code\Model\Inky.cpp" />
    <ClCompile Include="Code\Model\Clyde.cpp" />
    <ClCompile Include="Code\View\GUI\Menu.cpp" />
    <ClCompile Include="Code\Framework\Effect\ParticleSystem.cpp" />
    <ClCompile Include="Code\Resources\Sprite.cpp" />
    <ClCompile Include="Code\View\Screen\GameScreen.cpp" />
    <ClCompile Include="Code\View\Screen\IngameScreen.cpp" />
  </ItemGroup>
  <ItemGroup>
    <ClInclude Include="Code\Framework\ApplicationWindow.hpp" />
    <ClInclude Include="Code\Framework\D3DContext.hpp" />
    <ClInclude Include="Code\Framework\Game.hpp" />
    <ClInclude Include="Code\Framework\RenderBatch.hpp" />
    <ClInclude Include="Code\Helper\Camera.hpp" />
    <ClInclude Include="Code\Helper\Global.hpp" />
    <ClInclude Include="Code\Helper\Primitives.hpp" />
    <ClInclude Include="Code\PacmanGame.hpp" />
    <ClInclude Include="Code\Resources\ResourceManager.hpp" />
    <ClInclude Include="Code\Helper\r2tk\r2-assert.hpp" />
    <ClInclude Include="Code\Helper\r2tk\r2-exception.hpp" />
    <ClInclude Include="Code\Helper\r2tk\r2-global.hpp" />
    <ClInclude Include="Code\Helper\r2tk\r2-singleton.hpp" />
    <ClInclude Include="Code\Resources\FileResourceManager.hpp" />
    <ClInclude Include="Code\Helper\GameFont.hpp" />
    <ClInclude Include="Code\Model\Ai.hpp" />
    <ClInclude Include="Code\Model\Player.hpp" />
    <ClInclude Include="Code\Model\Fruit.hpp" />
    <ClInclude Include="Code\Model\GameplayHandler.hpp" />
    <ClInclude Include="Code\Model\Ghost.hpp" />
    <ClInclude Include="Code\Model\Level.hpp" />
    <ClInclude Include="Code\Model\LevelHandler.hpp" />
    <ClInclude Include="code\model\coord.hpp" />
    <ClInclude Include="Code\View\GameEventSubscriber.hpp" />
    <ClInclude Include="Code\Resources\Sound2D.hpp" />
    <ClInclude Include="Code\Helper\DebugCameraControler.hpp" />
    <ClInclude Include="Code\Helper\ChaseCamera.hpp" />
    <ClInclude Include="Code\Resources\Sound2D.hpp" />
    <ClInclude Include="Code\Resources\ModelObj.hpp" />
    <ClInclude Include="Code\View\Scene.hpp" />
    <ClInclude Include="Code\Resources\Texture.hpp" />
    <ClInclude Include="Code\Resources\D3DResourceManager.hpp" />
    <ClInclude Include="Code\View\Ground.hpp" />
    <ClInclude Include="Code\Framework\VertexBuffer.hpp" />
    <ClInclude Include="Code\Framework\Effect\Effect.hpp" />
    <ClInclude Include="Code\Framework\Effect\Pass.hpp" />
    <ClInclude Include="Code\Framework\Effect\Technique.hpp" />
    <ClInclude Include="Code\Framework\GameTime.hpp" />
    <ClInclude Include="Code\View\GUI\Menu.hpp" />
    <ClInclude Include="Code\Model\ModelDataInterface.hpp" />
    <ClInclude Include="Code\View\GUI\Table.hpp" />
    <ClInclude Include="Code\Helper\MorphAnimation.hpp" />
    <ClInclude Include="Code\Model\Blinky.hpp" />
    <ClInclude Include="Code\Model\Pinky.hpp" />
    <ClInclude Include="Code\Model\Inky.hpp" />
    <ClInclude Include="Code\Model\Clyde.hpp" />
    <ClInclude Include="Code\Model\ModelDataInterface.hpp" />
    <ClInclude Include="Code\Framework\Effect\ParticleHandlerInterface.h" />
    <ClInclude Include="Code\Framework\Effect\ParticleSystem.hpp" />
    <ClInclude Include="Code\Resources\Sprite.hpp" />
    <ClInclude Include="Code\View\Screen\GameScreen.hpp" />
    <ClInclude Include="Code\View\Screen\IngameScreen.hpp" />
  </ItemGroup>
  <ItemGroup>
    <None Include=".gitignore" />
    <None Include="pull.sh" />
    <None Include="push.sh" />
    <None Include="Resources\Effects\ModelObj.fx" />
    <None Include="Resources\Textures\whitePixel.png" />
    <None Include="Resources\Effects\Animation.fx" />
    <None Include="Resources\Effects\Sprite.fx" />
    <None Include="Resources\Effects\GhostTrail.fx" />
  </ItemGroup>
</Project>